// !$*UTF8*$!
{
	archiveVersion = 1;
	classes = {
	};
	objectVersion = 46;
	objects = {

/* Begin PBXBuildFile section */
		FB082E0A1DBE2D4100B32B47 /* AppDelegate.swift in Sources */ = {isa = PBXBuildFile; fileRef = FB082E091DBE2D4100B32B47 /* AppDelegate.swift */; };
		FB082E0C1DBE2D4100B32B47 /* ViewController.swift in Sources */ = {isa = PBXBuildFile; fileRef = FB082E0B1DBE2D4100B32B47 /* ViewController.swift */; };
		FB082E0F1DBE2D4100B32B47 /* Main.storyboard in Resources */ = {isa = PBXBuildFile; fileRef = FB082E0D1DBE2D4100B32B47 /* Main.storyboard */; };
		FB082E111DBE2D4100B32B47 /* Assets.xcassets in Resources */ = {isa = PBXBuildFile; fileRef = FB082E101DBE2D4100B32B47 /* Assets.xcassets */; };
		FB082E141DBE2D4100B32B47 /* LaunchScreen.storyboard in Resources */ = {isa = PBXBuildFile; fileRef = FB082E121DBE2D4100B32B47 /* LaunchScreen.storyboard */; };
		FB082E1C1DBE315E00B32B47 /* SettingsViewController.swift in Sources */ = {isa = PBXBuildFile; fileRef = FB082E1B1DBE315E00B32B47 /* SettingsViewController.swift */; };
/* End PBXBuildFile section */

/* Begin PBXFileReference section */
		FB082E061DBE2D4100B32B47 /* Easle.app */ = {isa = PBXFileReference; explicitFileType = wrapper.application; includeInIndex = 0; path = Easle.app; sourceTree = BUILT_PRODUCTS_DIR; };
		FB082E091DBE2D4100B32B47 /* AppDelegate.swift */ = {isa = PBXFileReference; lastKnownFileType = sourcecode.swift; path = AppDelegate.swift; sourceTree = "<group>"; };
		FB082E0B1DBE2D4100B32B47 /* ViewController.swift */ = {isa = PBXFileReference; lastKnownFileType = sourcecode.swift; path = ViewController.swift; sourceTree = "<group>"; };
		FB082E0E1DBE2D4100B32B47 /* Base */ = {isa = PBXFileReference; lastKnownFileType = file.storyboard; name = Base; path = Base.lproj/Main.storyboard; sourceTree = "<group>"; };
		FB082E101DBE2D4100B32B47 /* Assets.xcassets */ = {isa = PBXFileReference; lastKnownFileType = folder.assetcatalog; path = Assets.xcassets; sourceTree = "<group>"; };
		FB082E131DBE2D4100B32B47 /* Base */ = {isa = PBXFileReference; lastKnownFileType = file.storyboard; name = Base; path = Base.lproj/LaunchScreen.storyboard; sourceTree = "<group>"; };
		FB082E151DBE2D4100B32B47 /* Info.plist */ = {isa = PBXFileReference; lastKnownFileType = text.plist.xml; path = Info.plist; sourceTree = "<group>"; };
		FB082E1B1DBE315E00B32B47 /* SettingsViewController.swift */ = {isa = PBXFileReference; fileEncoding = 4; lastKnownFileType = sourcecode.swift; path = SettingsViewController.swift; sourceTree = "<group>"; };
/* End PBXFileReference section */

/* Begin PBXFrameworksBuildPhase section */
		FB082E031DBE2D4100B32B47 /* Frameworks */ = {
			isa = PBXFrameworksBuildPhase;
			buildActionMask = 2147483647;
			files = (
			);
			runOnlyForDeploymentPostprocessing = 0;
		};
/* End PBXFrameworksBuildPhase section */

/* Begin PBXGroup section */
		FB082DFD1DBE2D4100B32B47 = {
			isa = PBXGroup;
			children = (
				FB082E081DBE2D4100B32B47 /* Easle */,
				FB082E071DBE2D4100B32B47 /* Products */,
			);
			sourceTree = "<group>";
		};
		FB082E071DBE2D4100B32B47 /* Products */ = {
			isa = PBXGroup;
			children = (
				FB082E061DBE2D4100B32B47 /* Easle.app */,
			);
			name = Products;
			sourceTree = "<group>";
		};
		FB082E081DBE2D4100B32B47 /* Easle */ = {
			isa = PBXGroup;
			children = (
				FB082E091DBE2D4100B32B47 /* AppDelegate.swift */,
				FB082E0B1DBE2D4100B32B47 /* ViewController.swift */,
				FB082E1B1DBE315E00B32B47 /* SettingsViewController.swift */,
				FB082E0D1DBE2D4100B32B47 /* Main.storyboard */,
				FB082E101DBE2D4100B32B47 /* Assets.xcassets */,
				FB082E121DBE2D4100B32B47 /* LaunchScreen.storyboard */,
				FB082E151DBE2D4100B32B47 /* Info.plist */,
			);
			path = Easle;
			sourceTree = "<group>";
		};
/* End PBXGroup section */

/* Begin PBXNativeTarget section */
		FB082E051DBE2D4100B32B47 /* Easle */ = {
			isa = PBXNativeTarget;
			buildConfigurationList = FB082E181DBE2D4100B32B47 /* Build configuration list for PBXNativeTarget "Easle" */;
			buildPhases = (
				FB082E021DBE2D4100B32B47 /* Sources */,
				FB082E031DBE2D4100B32B47 /* Frameworks */,
				FB082E041DBE2D4100B32B47 /* Resources */,
			);
			buildRules = (
			);
			dependencies = (
			);
			name = Easle;
			productName = Easle;
			productReference = FB082E061DBE2D4100B32B47 /* Easle.app */;
			productType = "com.apple.product-type.application";
		};
/* End PBXNativeTarget section */

/* Begin PBXProject section */
		FB082DFE1DBE2D4100B32B47 /* Project object */ = {
			isa = PBXProject;
			attributes = {
				LastSwiftUpdateCheck = 0730;
				LastUpgradeCheck = 0730;
				ORGANIZATIONNAME = Ronaldoh1;
				TargetAttributes = {
					FB082E051DBE2D4100B32B47 = {
						CreatedOnToolsVersion = 7.3.1;
					};
				};
			};
			buildConfigurationList = FB082E011DBE2D4100B32B47 /* Build configuration list for PBXProject "Easle" */;
			compatibilityVersion = "Xcode 3.2";
			developmentRegion = English;
			hasScannedForEncodings = 0;
			knownRegions = (
				en,
				Base,
			);
			mainGroup = FB082DFD1DBE2D4100B32B47;
			productRefGroup = FB082E071DBE2D4100B32B47 /* Products */;
			projectDirPath = "";
			projectRoot = "";
			targets = (
				FB082E051DBE2D4100B32B47 /* Easle */,
			);
		};
/* End PBXProject section */

/* Begin PBXResourcesBuildPhase section */
		FB082E041DBE2D4100B32B47 /* Resources */ = {
			isa = PBXResourcesBuildPhase;
			buildActionMask = 2147483647;
			files = (
				FB082E141DBE2D4100B32B47 /* LaunchScreen.storyboard in Resources */,
				FB082E111DBE2D4100B32B47 /* Assets.xcassets in Resources */,
				FB082E0F1DBE2D4100B32B47 /* Main.storyboard in Resources */,
			);
			runOnlyForDeploymentPostprocessing = 0;
		};
/* End PBXResourcesBuildPhase section */

/* Begin PBXSourcesBuildPhase section */
		FB082E021DBE2D4100B32B47 /* Sources */ = {
			isa = PBXSourcesBuildPhase;
			buildActionMask = 2147483647;
			files = (
				FB082E0C1DBE2D4100B32B47 /* ViewController.swift in Sources */,
				FB082E0A1DBE2D4100B32B47 /* AppDelegate.swift in Sources */,
				FB082E1C1DBE315E00B32B47 /* SettingsViewController.swift in Sources */,
			);
			runOnlyForDeploymentPostprocessing = 0;
		};
/* End PBXSourcesBuildPhase section */

/* Begin PBXVariantGroup section */
		FB082E0D1DBE2D4100B32B47 /* Main.storyboard */ = {
			isa = PBXVariantGroup;
			children = (
				FB082E0E1DBE2D4100B32B47 /* Base */,
			);
			name = Main.storyboard;
			sourceTree = "<group>";
		};
		FB082E121DBE2D4100B32B47 /* LaunchScreen.storyboard */ = {
			isa = PBXVariantGroup;
			children = (
				FB082E131DBE2D4100B32B47 /* Base */,
			);
			name = LaunchScreen.storyboard;
			sourceTree = "<group>";
		};
/* End PBXVariantGroup section */

/* Begin XCBuildConfiguration section */
		FB082E161DBE2D4100B32B47 /* Debug */ = {
			isa = XCBuildConfiguration;
			buildSettings = {
				ALWAYS_SEARCH_USER_PATHS = NO;
				CLANG_ANALYZER_NONNULL = YES;
				CLANG_CXX_LANGUAGE_STANDARD = "gnu++0x";
				CLANG_CXX_LIBRARY = "libc++";
				CLANG_ENABLE_MODULES = YES;
				CLANG_ENABLE_OBJC_ARC = YES;
				CLANG_WARN_BOOL_CONVERSION = YES;
				CLANG_WARN_CONSTANT_CONVERSION = YES;
				CLANG_WARN_DIRECT_OBJC_ISA_USAGE = YES_ERROR;
				CLANG_WARN_EMPTY_BODY = YES;
				CLANG_WARN_ENUM_CONVERSION = YES;
				CLANG_WARN_INT_CONVERSION = YES;
				CLANG_WARN_OBJC_ROOT_CLASS = YES_ERROR;
				CLANG_WARN_UNREACHABLE_CODE = YES;
				CLANG_WARN__DUPLICATE_METHOD_MATCH = YES;
				"CODE_SIGN_IDENTITY[sdk=iphoneos*]" = "iPhone Developer";
				COPY_PHASE_STRIP = NO;
				DEBUG_INFORMATION_FORMAT = dwarf;
				ENABLE_STRICT_OBJC_MSGSEND = YES;
				ENABLE_TESTABILITY = YES;
				GCC_C_LANGUAGE_STANDARD = gnu99;
				GCC_DYNAMIC_NO_PIC = NO;
				GCC_NO_COMMON_BLOCKS = YES;
				GCC_OPTIMIZATION_LEVEL = 0;
				GCC_PREPROCESSOR_DEFINITIONS = (
					"DEBUG=1",
					"$(inherited)",
				);
				GCC_WARN_64_TO_32_BIT_CONVERSION = YES;
				GCC_WARN_ABOUT_RETURN_TYPE = YES_ERROR;
				GCC_WARN_UNDECLARED_SELECTOR = YES;
				GCC_WARN_UNINITIALIZED_AUTOS = YES_AGGRESSIVE;
				GCC_WARN_UNUSED_FUNCTION = YES;
				GCC_WARN_UNUSED_VARIABLE = YES;
				IPHONEOS_DEPLOYMENT_TARGET = 9.3;
				MTL_ENABLE_DEBUG_INFO = YES;
				ONLY_ACTIVE_ARCH = YES;
				SDKROOT = iphoneos;
				SWIFT_OPTIMIZATION_LEVEL = "-Onone";
				TARGETED_DEVICE_FAMILY = "1,2";
			};
			name = Debug;
		};
		FB082E171DBE2D4100B32B47 /* Release */ = {
			isa = XCBuildConfiguration;
			buildSettings = {
				ALWAYS_SEARCH_USER_PATHS = NO;
				CLANG_ANALYZER_NONNULL = YES;
				CLANG_CXX_LANGUAGE_STANDARD = "gnu++0x";
				CLANG_CXX_LIBRARY = "libc++";
				CLANG_ENABLE_MODULES = YES;
				CLANG_ENABLE_OBJC_ARC = YES;
				CLANG_WARN_BOOL_CONVERSION = YES;
				CLANG_WARN_CONSTANT_CONVERSION = YES;
				CLANG_WARN_DIRECT_OBJC_ISA_USAGE = YES_ERROR;
				CLANG_WARN_EMPTY_BODY = YES;
				CLANG_WARN_ENUM_CONVERSION = YES;
				CLANG_WARN_INT_CONVERSION = YES;
				CLANG_WARN_OBJC_ROOT_CLASS = YES_ERROR;
				CLANG_WARN_UNREACHABLE_CODE = YES;
				CLANG_WARN__DUPLICATE_METHOD_MATCH = YES;
				"CODE_SIGN_IDENTITY[sdk=iphoneos*]" = "iPhone Developer";
				COPY_PHASE_STRIP = NO;
				DEBUG_INFORMATION_FORMAT = "dwarf-with-dsym";
				ENABLE_NS_ASSERTIONS = NO;
				ENABLE_STRICT_OBJC_MSGSEND = YES;
				GCC_C_LANGUAGE_STANDARD = gnu99;
				GCC_NO_COMMON_BLOCKS = YES;
				GCC_WARN_64_TO_32_BIT_CONVERSION = YES;
				GCC_WARN_ABOUT_RETURN_TYPE = YES_ERROR;
				GCC_WARN_UNDECLARED_SELECTOR = YES;
				GCC_WARN_UNINITIALIZED_AUTOS = YES_AGGRESSIVE;
				GCC_WARN_UNUSED_FUNCTION = YES;
				GCC_WARN_UNUSED_VARIABLE = YES;
				IPHONEOS_DEPLOYMENT_TARGET = 9.3;
				MTL_ENABLE_DEBUG_INFO = NO;
				SDKROOT = iphoneos;
				TARGETED_DEVICE_FAMILY = "1,2";
				VALIDATE_PRODUCT = YES;
			};
			name = Release;
		};
		FB082E191DBE2D4100B32B47 /* Debug */ = {
			isa = XCBuildConfiguration;
			buildSettings = {
				ASSETCATALOG_COMPILER_APPICON_NAME = AppIcon;
				INFOPLIST_FILE = Easle/Info.plist;
				LD_RUNPATH_SEARCH_PATHS = "$(inherited) @executable_path/Frameworks";
				PRODUCT_BUNDLE_IDENTIFIER = Ronaldoh1.Easle;
				PRODUCT_NAME = "$(TARGET_NAME)";
			};
			name = Debug;
		};
		FB082E1A1DBE2D4100B32B47 /* Release */ = {
			isa = XCBuildConfiguration;
			buildSettings = {
				ASSETCATALOG_COMPILER_APPICON_NAME = AppIcon;
				INFOPLIST_FILE = Easle/Info.plist;
				LD_RUNPATH_SEARCH_PATHS = "$(inherited) @executable_path/Frameworks";
				PRODUCT_BUNDLE_IDENTIFIER = Ronaldoh1.Easle;
				PRODUCT_NAME = "$(TARGET_NAME)";
			};
			name = Release;
		};
/* End XCBuildConfiguration section */

/* Begin XCConfigurationList section */
		FB082E011DBE2D4100B32B47 /* Build configuration list for PBXProject "Easle" */ = {
			isa = XCConfigurationList;
			buildConfigurations = (
				FB082E161DBE2D4100B32B47 /* Debug */,
				FB082E171DBE2D4100B32B47 /* Release */,
			);
			defaultConfigurationIsVisible = 0;
			defaultConfigurationName = Release;
		};
		FB082E181DBE2D4100B32B47 /* Build configuration list for PBXNativeTarget "Easle" */ = {
			isa = XCConfigurationList;
			buildConfigurations = (
				FB082E191DBE2D4100B32B47 /* Debug */,
				FB082E1A1DBE2D4100B32B47 /* Release */,
			);
			defaultConfigurationIsVisible = 0;
		};
/* End XCConfigurationList section */
	};
	rootObject = FB082DFE1DBE2D4100B32B47 /* Project object */;
}
